
Microsoft Visual Studio Solution File, Format Version 12.00
# Visual Studio 15
VisualStudioVersion = 15.0.28307.421
MinimumVisualStudioVersion = 10.0.40219.1
Project("{FAE04EC0-301F-11D3-BF4B-00C04F79EFBC}") = "Vidly", "Vidly\Vidly.csproj", "{F6373760-87C3-4B68-AA3B-24EAEE49687F}"
EndProject
Global
	GlobalSection(SolutionConfigurationPlatforms) = preSolution
		Debug|Any CPU = Debug|Any CPU
		Release|Any CPU = Release|Any CPU
	EndGlobalSection
	GlobalSection(ProjectConfigurationPlatforms) = postSolution
		{F6373760-87C3-4B68-AA3B-24EAEE49687F}.Debug|Any CPU.ActiveCfg = Debug|Any CPU
		{F6373760-87C3-4B68-AA3B-24EAEE49687F}.Debug|Any CPU.Build.0 = Debug|Any CPU
		{F6373760-87C3-4B68-AA3B-24EAEE49687F}.Release|Any CPU.ActiveCfg = Release|Any CPU
		{F6373760-87C3-4B68-AA3B-24EAEE49687F}.Release|Any CPU.Build.0 = Release|Any CPU
	EndGlobalSection
	GlobalSection(SolutionProperties) = preSolution
		HideSolutionNode = FALSE
	EndGlobalSection
	GlobalSection(ExtensibilityGlobals) = postSolution
		SolutionGuid = {2256E5B7-55C5-477F-A8FC-68F11D33BB62}
	EndGlobalSection
EndGlobal
